
Microsoft Visual Studio Solution File, Format Version 12.00
# Visual Studio Version 16
VisualStudioVersion = 16.0.31402.337
MinimumVisualStudioVersion = 10.0.40219.1
Project("{9A19103F-16F7-4668-BE54-9A1E7A4F7556}") = "File_Sys_Core", "File_Sys_Core\File_Sys_Core.csproj", "{8381186B-7B1A-4748-A1E0-3246A1E6DD55}"
EndProject
Project("{9A19103F-16F7-4668-BE54-9A1E7A4F7556}") = "Lifetime.Core", "Lifetime.Core\Lifetime.Core.csproj", "{B311CAAA-8BB0-40B6-AACF-3F2A51697EBF}"
EndProject
Project("{9A19103F-16F7-4668-BE54-9A1E7A4F7556}") = "Lifetime.Scop.T.Core", "Lifetime.Scop.T.Core\Lifetime.Scop.T.Core.csproj", "{B06CA1C3-721C-406A-8649-638B29D7712D}"
EndProject
Project("{9A19103F-16F7-4668-BE54-9A1E7A4F7556}") = "Grpc.Greeter", "Grpc.Greeter\Grpc.Greeter.csproj", "{9B3C1445-7A5A-4818-AA66-106B12C99271}"
EndProject
Project("{9A19103F-16F7-4668-BE54-9A1E7A4F7556}") = "Grcp.Greeter.Client", "Grcp.Greeter.Client\Grcp.Greeter.Client.csproj", "{24016C49-0448-4748-9DEB-9933286754DC}"
EndProject
Project("{9A19103F-16F7-4668-BE54-9A1E7A4F7556}") = "Health.Check", "Health.Check\Health.Check.csproj", "{6174333E-AC4D-4A96-A1A3-8B81EA1CEBBB}"
EndProject
Project("{9A19103F-16F7-4668-BE54-9A1E7A4F7556}") = "Async.Program", "Async.Program\Async.Program.csproj", "{BBF9F7D8-AA88-401F-96B5-5F6A076B8982}"
EndProject
Project("{FAE04EC0-301F-11D3-BF4B-00C04F79EFBC}") = "Test.Console", "Test\Test.Console.csproj", "{6929C6FA-5491-4021-9E97-18B00D2EB260}"
EndProject
Project("{FAE04EC0-301F-11D3-BF4B-00C04F79EFBC}") = "Test.Api", "Test.Api\Test.Api.csproj", "{E5DBB179-769B-4106-945D-F281D65EDE43}"
EndProject
Global
	GlobalSection(SolutionConfigurationPlatforms) = preSolution
		Debug|Any CPU = Debug|Any CPU
		Release|Any CPU = Release|Any CPU
	EndGlobalSection
	GlobalSection(ProjectConfigurationPlatforms) = postSolution
		{8381186B-7B1A-4748-A1E0-3246A1E6DD55}.Debug|Any CPU.ActiveCfg = Debug|Any CPU
		{8381186B-7B1A-4748-A1E0-3246A1E6DD55}.Debug|Any CPU.Build.0 = Debug|Any CPU
		{8381186B-7B1A-4748-A1E0-3246A1E6DD55}.Release|Any CPU.ActiveCfg = Release|Any CPU
		{8381186B-7B1A-4748-A1E0-3246A1E6DD55}.Release|Any CPU.Build.0 = Release|Any CPU
		{B311CAAA-8BB0-40B6-AACF-3F2A51697EBF}.Debug|Any CPU.ActiveCfg = Debug|Any CPU
		{B311CAAA-8BB0-40B6-AACF-3F2A51697EBF}.Debug|Any CPU.Build.0 = Debug|Any CPU
		{B311CAAA-8BB0-40B6-AACF-3F2A51697EBF}.Release|Any CPU.ActiveCfg = Release|Any CPU
		{B311CAAA-8BB0-40B6-AACF-3F2A51697EBF}.Release|Any CPU.Build.0 = Release|Any CPU
		{B06CA1C3-721C-406A-8649-638B29D7712D}.Debug|Any CPU.ActiveCfg = Debug|Any CPU
		{B06CA1C3-721C-406A-8649-638B29D7712D}.Debug|Any CPU.Build.0 = Debug|Any CPU
		{B06CA1C3-721C-406A-8649-638B29D7712D}.Release|Any CPU.ActiveCfg = Release|Any CPU
		{B06CA1C3-721C-406A-8649-638B29D7712D}.Release|Any CPU.Build.0 = Release|Any CPU
		{9B3C1445-7A5A-4818-AA66-106B12C99271}.Debug|Any CPU.ActiveCfg = Debug|Any CPU
		{9B3C1445-7A5A-4818-AA66-106B12C99271}.Debug|Any CPU.Build.0 = Debug|Any CPU
		{9B3C1445-7A5A-4818-AA66-106B12C99271}.Release|Any CPU.ActiveCfg = Release|Any CPU
		{9B3C1445-7A5A-4818-AA66-106B12C99271}.Release|Any CPU.Build.0 = Release|Any CPU
		{24016C49-0448-4748-9DEB-9933286754DC}.Debug|Any CPU.ActiveCfg = Debug|Any CPU
		{24016C49-0448-4748-9DEB-9933286754DC}.Debug|Any CPU.Build.0 = Debug|Any CPU
		{24016C49-0448-4748-9DEB-9933286754DC}.Release|Any CPU.ActiveCfg = Release|Any CPU
		{24016C49-0448-4748-9DEB-9933286754DC}.Release|Any CPU.Build.0 = Release|Any CPU
		{6174333E-AC4D-4A96-A1A3-8B81EA1CEBBB}.Debug|Any CPU.ActiveCfg = Debug|Any CPU
		{6174333E-AC4D-4A96-A1A3-8B81EA1CEBBB}.Debug|Any CPU.Build.0 = Debug|Any CPU
		{6174333E-AC4D-4A96-A1A3-8B81EA1CEBBB}.Release|Any CPU.ActiveCfg = Release|Any CPU
		{6174333E-AC4D-4A96-A1A3-8B81EA1CEBBB}.Release|Any CPU.Build.0 = Release|Any CPU
		{BBF9F7D8-AA88-401F-96B5-5F6A076B8982}.Debug|Any CPU.ActiveCfg = Debug|Any CPU
		{BBF9F7D8-AA88-401F-96B5-5F6A076B8982}.Debug|Any CPU.Build.0 = Debug|Any CPU
		{BBF9F7D8-AA88-401F-96B5-5F6A076B8982}.Release|Any CPU.ActiveCfg = Release|Any CPU
		{BBF9F7D8-AA88-401F-96B5-5F6A076B8982}.Release|Any CPU.Build.0 = Release|Any CPU
		{6929C6FA-5491-4021-9E97-18B00D2EB260}.Debug|Any CPU.ActiveCfg = Debug|Any CPU
		{6929C6FA-5491-4021-9E97-18B00D2EB260}.Debug|Any CPU.Build.0 = Debug|Any CPU
		{6929C6FA-5491-4021-9E97-18B00D2EB260}.Release|Any CPU.ActiveCfg = Release|Any CPU
		{6929C6FA-5491-4021-9E97-18B00D2EB260}.Release|Any CPU.Build.0 = Release|Any CPU
		{E5DBB179-769B-4106-945D-F281D65EDE43}.Debug|Any CPU.ActiveCfg = Debug|Any CPU
		{E5DBB179-769B-4106-945D-F281D65EDE43}.Debug|Any CPU.Build.0 = Debug|Any CPU
		{E5DBB179-769B-4106-945D-F281D65EDE43}.Release|Any CPU.ActiveCfg = Release|Any CPU
		{E5DBB179-769B-4106-945D-F281D65EDE43}.Release|Any CPU.Build.0 = Release|Any CPU
	EndGlobalSection
	GlobalSection(SolutionProperties) = preSolution
		HideSolutionNode = FALSE
	EndGlobalSection
	GlobalSection(ExtensibilityGlobals) = postSolution
		SolutionGuid = {E802708D-1785-4AE5-91DD-9099C9DC2647}
	EndGlobalSection
EndGlobal
